
Microsoft Visual Studio Solution File, Format Version 12.00
# Visual Studio 2013
VisualStudioVersion = 12.0.40629.0
MinimumVisualStudioVersion = 10.0.40219.1
Project("{FAE04EC0-301F-11D3-BF4B-00C04F79EFBC}") = "FeatureDemandPlanning", "FeatureDemandPlanning\FeatureDemandPlanning.csproj", "{CA9A2021-83FC-4611-B44B-A23A4B0A976A}"
EndProject
Project("{FAE04EC0-301F-11D3-BF4B-00C04F79EFBC}") = "FeatureDemandPlanning.DataStore", "FeatureDemandPlanning.Data\FeatureDemandPlanning.DataStore.csproj", "{D2174586-6BC6-48CE-B8E3-1CD81E0886E4}"
EndProject
Project("{FAE04EC0-301F-11D3-BF4B-00C04F79EFBC}") = "FeatureDemandPlanning.Model", "FeatureDemandPlanning.Model\FeatureDemandPlanning.Model.csproj", "{DCB42053-F686-4CD9-BE40-9BF11BFE19E1}"
EndProject
Project("{00D1A9C2-B5F0-4AF3-8072-F6C62B433612}") = "FeatureDemandPlanning.FdpSqlDb", "FeatureDemandPlanning.SqlDb\FeatureDemandPlanning.FdpSqlDb.sqlproj", "{A5529CD6-E42A-4EA1-A076-043BED22167C}"
EndProject
Project("{FAE04EC0-301F-11D3-BF4B-00C04F79EFBC}") = "FeatureDemandPlanning.Security", "FeatureDemandPlanning.Security\FeatureDemandPlanning.Security.csproj", "{42FD090D-46F7-4B45-99A2-1FB8AD5EF9C2}"
EndProject
Project("{FAE04EC0-301F-11D3-BF4B-00C04F79EFBC}") = "FeatureDemandPlanning.Helpers", "Helpers\FeatureDemandPlanning.Helpers.csproj", "{F8BC5FC7-435B-49F5-B7C5-84BDA34D97EB}"
EndProject
Project("{FAE04EC0-301F-11D3-BF4B-00C04F79EFBC}") = "FeatureDemandPlanning.Bindings", "FeatureDemandPlanning.Bindings\FeatureDemandPlanning.Bindings.csproj", "{697C8C79-4955-4B06-BE22-481723D267F8}"
EndProject
Project("{FAE04EC0-301F-11D3-BF4B-00C04F79EFBC}") = "FeatureDemandPlanning.Controllers", "FeatureDemandPlanning.Controllers\FeatureDemandPlanning.Controllers.csproj", "{5E0371BD-48E7-4836-8407-F08E5C84ADEE}"
EndProject
Project("{FAE04EC0-301F-11D3-BF4B-00C04F79EFBC}") = "FeatureDemandPlanning.ValidationTest", "FeatureDemandPlanning.ValidationTest\FeatureDemandPlanning.ValidationTest.csproj", "{716898D7-9ED2-41CF-BBC9-A70E21BFECD9}"
EndProject
Project("{2150E333-8FDC-42A3-9474-1A3956D46DE8}") = ".nuget", ".nuget", "{CEA110AA-23FD-4669-8342-52EA73BBF642}"
	ProjectSection(SolutionItems) = preProject
		.nuget\NuGet.Config = .nuget\NuGet.Config
		.nuget\NuGet.exe = .nuget\NuGet.exe
		.nuget\NuGet.targets = .nuget\NuGet.targets
	EndProjectSection
EndProject
Global
	GlobalSection(SolutionConfigurationPlatforms) = preSolution
		Debug|Any CPU = Debug|Any CPU
		Development|Any CPU = Development|Any CPU
		Release|Any CPU = Release|Any CPU
	EndGlobalSection
	GlobalSection(ProjectConfigurationPlatforms) = postSolution
		{CA9A2021-83FC-4611-B44B-A23A4B0A976A}.Debug|Any CPU.ActiveCfg = Debug|Any CPU
		{CA9A2021-83FC-4611-B44B-A23A4B0A976A}.Debug|Any CPU.Build.0 = Debug|Any CPU
		{CA9A2021-83FC-4611-B44B-A23A4B0A976A}.Development|Any CPU.ActiveCfg = Debug|Any CPU
		{CA9A2021-83FC-4611-B44B-A23A4B0A976A}.Development|Any CPU.Build.0 = Debug|Any CPU
		{CA9A2021-83FC-4611-B44B-A23A4B0A976A}.Release|Any CPU.ActiveCfg = Release|Any CPU
		{CA9A2021-83FC-4611-B44B-A23A4B0A976A}.Release|Any CPU.Build.0 = Release|Any CPU
		{D2174586-6BC6-48CE-B8E3-1CD81E0886E4}.Debug|Any CPU.ActiveCfg = Debug|Any CPU
		{D2174586-6BC6-48CE-B8E3-1CD81E0886E4}.Debug|Any CPU.Build.0 = Debug|Any CPU
		{D2174586-6BC6-48CE-B8E3-1CD81E0886E4}.Development|Any CPU.ActiveCfg = Debug|Any CPU
		{D2174586-6BC6-48CE-B8E3-1CD81E0886E4}.Development|Any CPU.Build.0 = Debug|Any CPU
		{D2174586-6BC6-48CE-B8E3-1CD81E0886E4}.Release|Any CPU.ActiveCfg = Release|Any CPU
		{D2174586-6BC6-48CE-B8E3-1CD81E0886E4}.Release|Any CPU.Build.0 = Release|Any CPU
		{DCB42053-F686-4CD9-BE40-9BF11BFE19E1}.Debug|Any CPU.ActiveCfg = Debug|Any CPU
		{DCB42053-F686-4CD9-BE40-9BF11BFE19E1}.Debug|Any CPU.Build.0 = Debug|Any CPU
		{DCB42053-F686-4CD9-BE40-9BF11BFE19E1}.Development|Any CPU.ActiveCfg = Debug|Any CPU
		{DCB42053-F686-4CD9-BE40-9BF11BFE19E1}.Development|Any CPU.Build.0 = Debug|Any CPU
		{DCB42053-F686-4CD9-BE40-9BF11BFE19E1}.Release|Any CPU.ActiveCfg = Release|Any CPU
		{DCB42053-F686-4CD9-BE40-9BF11BFE19E1}.Release|Any CPU.Build.0 = Release|Any CPU
		{A5529CD6-E42A-4EA1-A076-043BED22167C}.Debug|Any CPU.ActiveCfg = Debug|Any CPU
		{A5529CD6-E42A-4EA1-A076-043BED22167C}.Debug|Any CPU.Deploy.0 = Debug|Any CPU
		{A5529CD6-E42A-4EA1-A076-043BED22167C}.Development|Any CPU.ActiveCfg = Debug|Any CPU
		{A5529CD6-E42A-4EA1-A076-043BED22167C}.Development|Any CPU.Build.0 = Debug|Any CPU
		{A5529CD6-E42A-4EA1-A076-043BED22167C}.Development|Any CPU.Deploy.0 = Debug|Any CPU
		{A5529CD6-E42A-4EA1-A076-043BED22167C}.Release|Any CPU.ActiveCfg = Release|Any CPU
		{A5529CD6-E42A-4EA1-A076-043BED22167C}.Release|Any CPU.Build.0 = Release|Any CPU
		{A5529CD6-E42A-4EA1-A076-043BED22167C}.Release|Any CPU.Deploy.0 = Release|Any CPU
		{42FD090D-46F7-4B45-99A2-1FB8AD5EF9C2}.Debug|Any CPU.ActiveCfg = Debug|Any CPU
		{42FD090D-46F7-4B45-99A2-1FB8AD5EF9C2}.Debug|Any CPU.Build.0 = Debug|Any CPU
		{42FD090D-46F7-4B45-99A2-1FB8AD5EF9C2}.Development|Any CPU.ActiveCfg = Debug|Any CPU
		{42FD090D-46F7-4B45-99A2-1FB8AD5EF9C2}.Development|Any CPU.Build.0 = Debug|Any CPU
		{42FD090D-46F7-4B45-99A2-1FB8AD5EF9C2}.Release|Any CPU.ActiveCfg = Release|Any CPU
		{42FD090D-46F7-4B45-99A2-1FB8AD5EF9C2}.Release|Any CPU.Build.0 = Release|Any CPU
		{F8BC5FC7-435B-49F5-B7C5-84BDA34D97EB}.Debug|Any CPU.ActiveCfg = Debug|Any CPU
		{F8BC5FC7-435B-49F5-B7C5-84BDA34D97EB}.Debug|Any CPU.Build.0 = Debug|Any CPU
		{F8BC5FC7-435B-49F5-B7C5-84BDA34D97EB}.Development|Any CPU.ActiveCfg = Debug|Any CPU
		{F8BC5FC7-435B-49F5-B7C5-84BDA34D97EB}.Development|Any CPU.Build.0 = Debug|Any CPU
		{F8BC5FC7-435B-49F5-B7C5-84BDA34D97EB}.Release|Any CPU.ActiveCfg = Release|Any CPU
		{F8BC5FC7-435B-49F5-B7C5-84BDA34D97EB}.Release|Any CPU.Build.0 = Release|Any CPU
		{697C8C79-4955-4B06-BE22-481723D267F8}.Debug|Any CPU.ActiveCfg = Debug|Any CPU
		{697C8C79-4955-4B06-BE22-481723D267F8}.Debug|Any CPU.Build.0 = Debug|Any CPU
		{697C8C79-4955-4B06-BE22-481723D267F8}.Development|Any CPU.ActiveCfg = Debug|Any CPU
		{697C8C79-4955-4B06-BE22-481723D267F8}.Development|Any CPU.Build.0 = Debug|Any CPU
		{697C8C79-4955-4B06-BE22-481723D267F8}.Release|Any CPU.ActiveCfg = Release|Any CPU
		{697C8C79-4955-4B06-BE22-481723D267F8}.Release|Any CPU.Build.0 = Release|Any CPU
		{5E0371BD-48E7-4836-8407-F08E5C84ADEE}.Debug|Any CPU.ActiveCfg = Debug|Any CPU
		{5E0371BD-48E7-4836-8407-F08E5C84ADEE}.Debug|Any CPU.Build.0 = Debug|Any CPU
		{5E0371BD-48E7-4836-8407-F08E5C84ADEE}.Development|Any CPU.ActiveCfg = Debug|Any CPU
		{5E0371BD-48E7-4836-8407-F08E5C84ADEE}.Development|Any CPU.Build.0 = Debug|Any CPU
		{5E0371BD-48E7-4836-8407-F08E5C84ADEE}.Release|Any CPU.ActiveCfg = Release|Any CPU
		{5E0371BD-48E7-4836-8407-F08E5C84ADEE}.Release|Any CPU.Build.0 = Release|Any CPU
		{716898D7-9ED2-41CF-BBC9-A70E21BFECD9}.Debug|Any CPU.ActiveCfg = Debug|Any CPU
		{716898D7-9ED2-41CF-BBC9-A70E21BFECD9}.Debug|Any CPU.Build.0 = Debug|Any CPU
		{716898D7-9ED2-41CF-BBC9-A70E21BFECD9}.Development|Any CPU.ActiveCfg = Debug|Any CPU
		{716898D7-9ED2-41CF-BBC9-A70E21BFECD9}.Development|Any CPU.Build.0 = Debug|Any CPU
		{716898D7-9ED2-41CF-BBC9-A70E21BFECD9}.Release|Any CPU.ActiveCfg = Release|Any CPU
		{716898D7-9ED2-41CF-BBC9-A70E21BFECD9}.Release|Any CPU.Build.0 = Release|Any CPU
	EndGlobalSection
	GlobalSection(SolutionProperties) = preSolution
		HideSolutionNode = FALSE
	EndGlobalSection
EndGlobal
